
Microsoft Visual Studio Solution File, Format Version 12.00
# Visual Studio Version 17
VisualStudioVersion = 17.3.32901.215
MinimumVisualStudioVersion = 10.0.40219.1
Project("{9A19103F-16F7-4668-BE54-9A1E7A4F7556}") = "ini.NET", "ini.NET\ini.NET.csproj", "{025807E4-BE48-416B-9812-93A0290841E7}"
EndProject
Project("{FAE04EC0-301F-11D3-BF4B-00C04F79EFBC}") = "tests", "tests\tests.csproj", "{325CA1BD-D6DE-47F1-BFAA-EECC16E78557}"
EndProject
Global
	GlobalSection(SolutionConfigurationPlatforms) = preSolution
		Debug|Any CPU = Debug|Any CPU
		Release|Any CPU = Release|Any CPU
	EndGlobalSection
	GlobalSection(ProjectConfigurationPlatforms) = postSolution
		{025807E4-BE48-416B-9812-93A0290841E7}.Debug|Any CPU.ActiveCfg = Debug|Any CPU
		{025807E4-BE48-416B-9812-93A0290841E7}.Debug|Any CPU.Build.0 = Debug|Any CPU
		{025807E4-BE48-416B-9812-93A0290841E7}.Release|Any CPU.ActiveCfg = Release|Any CPU
		{025807E4-BE48-416B-9812-93A0290841E7}.Release|Any CPU.Build.0 = Release|Any CPU
		{325CA1BD-D6DE-47F1-BFAA-EECC16E78557}.Debug|Any CPU.ActiveCfg = Debug|Any CPU
		{325CA1BD-D6DE-47F1-BFAA-EECC16E78557}.Debug|Any CPU.Build.0 = Debug|Any CPU
		{325CA1BD-D6DE-47F1-BFAA-EECC16E78557}.Release|Any CPU.ActiveCfg = Release|Any CPU
		{325CA1BD-D6DE-47F1-BFAA-EECC16E78557}.Release|Any CPU.Build.0 = Release|Any CPU
	EndGlobalSection
	GlobalSection(SolutionProperties) = preSolution
		HideSolutionNode = FALSE
	EndGlobalSection
	GlobalSection(ExtensibilityGlobals) = postSolution
		SolutionGuid = {618820DC-C899-4492-9181-FEAE2FC7D19D}
	EndGlobalSection
EndGlobal
